{
  "name": "nodejs-sap-hana-demo",
  "version": "1.0.0",
  "lockfileVersion": 2,
  "requires": true,
  "packages": {
    "": {
      "name": "nodejs-sap-hana-demo",
      "version": "1.0.0",
      "license": "ISC",
      "dependencies": {
        "@sap/hana-client": "^2.13.22"
      }
    },
    "node_modules/@sap/hana-client": {
      "version": "2.13.22",
      "resolved": "https://registry.npmjs.org/@sap/hana-client/-/hana-client-2.13.22.tgz",
      "integrity": "sha512-y/aR5jnFB8F3O3LBfA+KGU92eAzdN+kscd2jn/tjWu7yTN6E+JrnDrTWedTcKZZMWqGn9fN17akbNTv8LoEgOg==",
      "hasInstallScript": true,
      "hasShrinkwrap": true,
      "dependencies": {
        "debug": "3.1.0"
      },
      "engines": {
        "node": ">=4.0.0"
      }
    },
    "node_modules/@sap/hana-client/node_modules/debug": {
      "version": "3.1.0",
      "integrity": "sha512-OX8XqP7/1a9cqkxYw2yXss15f26NKWBpDXQd0/uK/KPqdQhxbPa994hnzjcE2VqQpDslf55723cKPUOGSmMY3g==",
      "dependencies": {
        "ms": "2.0.0"
      }
    },
    "node_modules/@sap/hana-client/node_modules/ms": {
      "version": "2.0.0",
      "integrity": "sha512-Tpp60P6IUJDTuOq/5Z8cdskzJujfwqfOTkrwIwj7IRISpnkJnT6SyJ4PCPnGMoFjC9ddhal5KVIYtAt97ix05A=="
    }
  },
  "dependencies": {
    "@sap/hana-client": {
      "version": "2.13.22",
      "resolved": "https://registry.npmjs.org/@sap/hana-client/-/hana-client-2.13.22.tgz",
      "integrity": "sha512-y/aR5jnFB8F3O3LBfA+KGU92eAzdN+kscd2jn/tjWu7yTN6E+JrnDrTWedTcKZZMWqGn9fN17akbNTv8LoEgOg==",
      "requires": {
        "debug": "3.1.0"
      },
      "dependencies": {
        "debug": {
          "version": "3.1.0",
          "integrity": "sha512-OX8XqP7/1a9cqkxYw2yXss15f26NKWBpDXQd0/uK/KPqdQhxbPa994hnzjcE2VqQpDslf55723cKPUOGSmMY3g==",
          "requires": {
            "ms": "2.0.0"
          }
        },
        "ms": {
          "version": "2.0.0",
          "integrity": "sha512-Tpp60P6IUJDTuOq/5Z8cdskzJujfwqfOTkrwIwj7IRISpnkJnT6SyJ4PCPnGMoFjC9ddhal5KVIYtAt97ix05A=="
        }
      }
    }
  }
}
